
Microsoft Visual Studio Solution File, Format Version 12.00
# Visual Studio Version 18
VisualStudioVersion = 18.0.11201.2
MinimumVisualStudioVersion = 10.0.40219.1
Project("{2150E333-8FDC-42A3-9474-1A3956D46DE8}") = "src", "src", "{827E0CD3-B72D-47B6-A68D-7590B98EB39B}"
EndProject
Project("{2150E333-8FDC-42A3-9474-1A3956D46DE8}") = "BankMore.ContaCorrente", "BankMore.ContaCorrente", "{D82FA339-08DB-9E44-EDDD-E20350DE947E}"
EndProject
Project("{2150E333-8FDC-42A3-9474-1A3956D46DE8}") = "Api", "Api", "{6B3F7111-D1AF-B949-593F-79F1BA2B653F}"
EndProject
Project("{2150E333-8FDC-42A3-9474-1A3956D46DE8}") = "Domain", "Domain", "{6EA9FEC5-BF4B-F4CF-C876-B2A34E45EC91}"
EndProject
Project("{2150E333-8FDC-42A3-9474-1A3956D46DE8}") = "Application", "Application", "{860A695E-A161-6669-AE33-FDCBFE1C125A}"
EndProject
Project("{2150E333-8FDC-42A3-9474-1A3956D46DE8}") = "Infrastructure", "Infrastructure", "{E14DB84C-7072-2A6D-5FC5-1491DBD5A362}"
EndProject
Project("{2150E333-8FDC-42A3-9474-1A3956D46DE8}") = "BankMore.Transferencia", "BankMore.Transferencia", "{08D95746-6263-5E2C-7FAC-1C749FAE807D}"
EndProject
Project("{2150E333-8FDC-42A3-9474-1A3956D46DE8}") = "Api", "Api", "{AAE5E279-581D-4A27-EA4F-9A95289413DC}"
EndProject
Project("{2150E333-8FDC-42A3-9474-1A3956D46DE8}") = "Domain", "Domain", "{13E8B99D-DB44-51FD-7491-B14B7FC049F7}"
EndProject
Project("{2150E333-8FDC-42A3-9474-1A3956D46DE8}") = "Application", "Application", "{D9381CAC-4B4D-33E7-721C-2EC62713ADC5}"
EndProject
Project("{2150E333-8FDC-42A3-9474-1A3956D46DE8}") = "Infrastructure", "Infrastructure", "{8357A58B-494B-F1E6-82D8-7E074010C2A5}"
EndProject
Project("{FAE04EC0-301F-11D3-BF4B-00C04F79EFBC}") = "BankMore.ContaCorrente.Api", "src\BankMore.ContaCorrente\Api\BankMore.ContaCorrente.Api.csproj", "{F35F70DC-9DE4-6FD4-D2B5-184B125767BD}"
EndProject
Project("{FAE04EC0-301F-11D3-BF4B-00C04F79EFBC}") = "BankMore.ContaCorrente.Application", "src\BankMore.ContaCorrente\Application\BankMore.ContaCorrente.Application.csproj", "{243B3397-3D15-E5E0-9FF7-0FB86F107BB6}"
EndProject
Project("{FAE04EC0-301F-11D3-BF4B-00C04F79EFBC}") = "BankMore.ContaCorrente.Infrastructure", "src\BankMore.ContaCorrente\Infrastructure\BankMore.ContaCorrente.Infrastructure.csproj", "{F55796E2-E4EB-B0C2-0DEC-2D4C33FE2EC7}"
EndProject
Project("{FAE04EC0-301F-11D3-BF4B-00C04F79EFBC}") = "BankMore.ContaCorrente.Domain", "src\BankMore.ContaCorrente\Domain\BankMore.ContaCorrente.Domain.csproj", "{863B042B-036D-F6B8-C239-E2382B420CB0}"
EndProject
Project("{FAE04EC0-301F-11D3-BF4B-00C04F79EFBC}") = "BankMore.Transferencia.Api", "src\BankMore.Transferencia\Api\BankMore.Transferencia.Api.csproj", "{35C87010-3C86-98E7-6C2F-48B5241004A6}"
EndProject
Project("{FAE04EC0-301F-11D3-BF4B-00C04F79EFBC}") = "BankMore.Transferencia.Application", "src\BankMore.Transferencia\Application\BankMore.Transferencia.Application.csproj", "{084A372B-2954-1E8C-71FB-3FE7E8E14B63}"
EndProject
Project("{FAE04EC0-301F-11D3-BF4B-00C04F79EFBC}") = "BankMore.Transferencia.Domain", "src\BankMore.Transferencia\Domain\BankMore.Transferencia.Domain.csproj", "{9AF22987-2E1F-F239-8E24-62817FF95CFC}"
EndProject
Project("{FAE04EC0-301F-11D3-BF4B-00C04F79EFBC}") = "BankMore.Transferencia.Infrastructure", "src\BankMore.Transferencia\Infrastructure\BankMore.Transferencia.Infrastructure.csproj", "{F14BDCCB-BB41-8565-F147-F1FDD976C9DA}"
EndProject
Project("{2150E333-8FDC-42A3-9474-1A3956D46DE8}") = "BankMore.Tarifas", "BankMore.Tarifas", "{C30AE07D-4A74-4FBE-A8B5-EED5D63FAAE3}"
EndProject
Project("{FAE04EC0-301F-11D3-BF4B-00C04F79EFBC}") = "BankMore.Tarifas", "src\BankMore.Tarifas\BankMore.Tarifas.csproj", "{81707B2E-DD47-13EB-50E8-AB8796C03CB0}"
EndProject
Project("{FAE04EC0-301F-11D3-BF4B-00C04F79EFBC}") = "BankMore.Web", "src\BankMore.Web\BankMore.Web.csproj", "{506CA0C9-AAA5-4852-B43C-87B52FF7C87C}"
EndProject
Global
	GlobalSection(SolutionConfigurationPlatforms) = preSolution
		Debug|Any CPU = Debug|Any CPU
		Debug|x64 = Debug|x64
		Debug|x86 = Debug|x86
		Release|Any CPU = Release|Any CPU
		Release|x64 = Release|x64
		Release|x86 = Release|x86
	EndGlobalSection
	GlobalSection(ProjectConfigurationPlatforms) = postSolution
		{F35F70DC-9DE4-6FD4-D2B5-184B125767BD}.Debug|Any CPU.ActiveCfg = Debug|Any CPU
		{F35F70DC-9DE4-6FD4-D2B5-184B125767BD}.Debug|Any CPU.Build.0 = Debug|Any CPU
		{F35F70DC-9DE4-6FD4-D2B5-184B125767BD}.Debug|x64.ActiveCfg = Debug|Any CPU
		{F35F70DC-9DE4-6FD4-D2B5-184B125767BD}.Debug|x64.Build.0 = Debug|Any CPU
		{F35F70DC-9DE4-6FD4-D2B5-184B125767BD}.Debug|x86.ActiveCfg = Debug|Any CPU
		{F35F70DC-9DE4-6FD4-D2B5-184B125767BD}.Debug|x86.Build.0 = Debug|Any CPU
		{F35F70DC-9DE4-6FD4-D2B5-184B125767BD}.Release|Any CPU.ActiveCfg = Release|Any CPU
		{F35F70DC-9DE4-6FD4-D2B5-184B125767BD}.Release|Any CPU.Build.0 = Release|Any CPU
		{F35F70DC-9DE4-6FD4-D2B5-184B125767BD}.Release|x64.ActiveCfg = Release|Any CPU
		{F35F70DC-9DE4-6FD4-D2B5-184B125767BD}.Release|x64.Build.0 = Release|Any CPU
		{F35F70DC-9DE4-6FD4-D2B5-184B125767BD}.Release|x86.ActiveCfg = Release|Any CPU
		{F35F70DC-9DE4-6FD4-D2B5-184B125767BD}.Release|x86.Build.0 = Release|Any CPU
		{243B3397-3D15-E5E0-9FF7-0FB86F107BB6}.Debug|Any CPU.ActiveCfg = Debug|Any CPU
		{243B3397-3D15-E5E0-9FF7-0FB86F107BB6}.Debug|Any CPU.Build.0 = Debug|Any CPU
		{243B3397-3D15-E5E0-9FF7-0FB86F107BB6}.Debug|x64.ActiveCfg = Debug|Any CPU
		{243B3397-3D15-E5E0-9FF7-0FB86F107BB6}.Debug|x64.Build.0 = Debug|Any CPU
		{243B3397-3D15-E5E0-9FF7-0FB86F107BB6}.Debug|x86.ActiveCfg = Debug|Any CPU
		{243B3397-3D15-E5E0-9FF7-0FB86F107BB6}.Debug|x86.Build.0 = Debug|Any CPU
		{243B3397-3D15-E5E0-9FF7-0FB86F107BB6}.Release|Any CPU.ActiveCfg = Release|Any CPU
		{243B3397-3D15-E5E0-9FF7-0FB86F107BB6}.Release|Any CPU.Build.0 = Release|Any CPU
		{243B3397-3D15-E5E0-9FF7-0FB86F107BB6}.Release|x64.ActiveCfg = Release|Any CPU
		{243B3397-3D15-E5E0-9FF7-0FB86F107BB6}.Release|x64.Build.0 = Release|Any CPU
		{243B3397-3D15-E5E0-9FF7-0FB86F107BB6}.Release|x86.ActiveCfg = Release|Any CPU
		{243B3397-3D15-E5E0-9FF7-0FB86F107BB6}.Release|x86.Build.0 = Release|Any CPU
		{F55796E2-E4EB-B0C2-0DEC-2D4C33FE2EC7}.Debug|Any CPU.ActiveCfg = Debug|Any CPU
		{F55796E2-E4EB-B0C2-0DEC-2D4C33FE2EC7}.Debug|Any CPU.Build.0 = Debug|Any CPU
		{F55796E2-E4EB-B0C2-0DEC-2D4C33FE2EC7}.Debug|x64.ActiveCfg = Debug|Any CPU
		{F55796E2-E4EB-B0C2-0DEC-2D4C33FE2EC7}.Debug|x64.Build.0 = Debug|Any CPU
		{F55796E2-E4EB-B0C2-0DEC-2D4C33FE2EC7}.Debug|x86.ActiveCfg = Debug|Any CPU
		{F55796E2-E4EB-B0C2-0DEC-2D4C33FE2EC7}.Debug|x86.Build.0 = Debug|Any CPU
		{F55796E2-E4EB-B0C2-0DEC-2D4C33FE2EC7}.Release|Any CPU.ActiveCfg = Release|Any CPU
		{F55796E2-E4EB-B0C2-0DEC-2D4C33FE2EC7}.Release|Any CPU.Build.0 = Release|Any CPU
		{F55796E2-E4EB-B0C2-0DEC-2D4C33FE2EC7}.Release|x64.ActiveCfg = Release|Any CPU
		{F55796E2-E4EB-B0C2-0DEC-2D4C33FE2EC7}.Release|x64.Build.0 = Release|Any CPU
		{F55796E2-E4EB-B0C2-0DEC-2D4C33FE2EC7}.Release|x86.ActiveCfg = Release|Any CPU
		{F55796E2-E4EB-B0C2-0DEC-2D4C33FE2EC7}.Release|x86.Build.0 = Release|Any CPU
		{863B042B-036D-F6B8-C239-E2382B420CB0}.Debug|Any CPU.ActiveCfg = Debug|Any CPU
		{863B042B-036D-F6B8-C239-E2382B420CB0}.Debug|Any CPU.Build.0 = Debug|Any CPU
		{863B042B-036D-F6B8-C239-E2382B420CB0}.Debug|x64.ActiveCfg = Debug|Any CPU
		{863B042B-036D-F6B8-C239-E2382B420CB0}.Debug|x64.Build.0 = Debug|Any CPU
		{863B042B-036D-F6B8-C239-E2382B420CB0}.Debug|x86.ActiveCfg = Debug|Any CPU
		{863B042B-036D-F6B8-C239-E2382B420CB0}.Debug|x86.Build.0 = Debug|Any CPU
		{863B042B-036D-F6B8-C239-E2382B420CB0}.Release|Any CPU.ActiveCfg = Release|Any CPU
		{863B042B-036D-F6B8-C239-E2382B420CB0}.Release|Any CPU.Build.0 = Release|Any CPU
		{863B042B-036D-F6B8-C239-E2382B420CB0}.Release|x64.ActiveCfg = Release|Any CPU
		{863B042B-036D-F6B8-C239-E2382B420CB0}.Release|x64.Build.0 = Release|Any CPU
		{863B042B-036D-F6B8-C239-E2382B420CB0}.Release|x86.ActiveCfg = Release|Any CPU
		{863B042B-036D-F6B8-C239-E2382B420CB0}.Release|x86.Build.0 = Release|Any CPU
		{35C87010-3C86-98E7-6C2F-48B5241004A6}.Debug|Any CPU.ActiveCfg = Debug|Any CPU
		{35C87010-3C86-98E7-6C2F-48B5241004A6}.Debug|Any CPU.Build.0 = Debug|Any CPU
		{35C87010-3C86-98E7-6C2F-48B5241004A6}.Debug|x64.ActiveCfg = Debug|Any CPU
		{35C87010-3C86-98E7-6C2F-48B5241004A6}.Debug|x64.Build.0 = Debug|Any CPU
		{35C87010-3C86-98E7-6C2F-48B5241004A6}.Debug|x86.ActiveCfg = Debug|Any CPU
		{35C87010-3C86-98E7-6C2F-48B5241004A6}.Debug|x86.Build.0 = Debug|Any CPU
		{35C87010-3C86-98E7-6C2F-48B5241004A6}.Release|Any CPU.ActiveCfg = Release|Any CPU
		{35C87010-3C86-98E7-6C2F-48B5241004A6}.Release|Any CPU.Build.0 = Release|Any CPU
		{35C87010-3C86-98E7-6C2F-48B5241004A6}.Release|x64.ActiveCfg = Release|Any CPU
		{35C87010-3C86-98E7-6C2F-48B5241004A6}.Release|x64.Build.0 = Release|Any CPU
		{35C87010-3C86-98E7-6C2F-48B5241004A6}.Release|x86.ActiveCfg = Release|Any CPU
		{35C87010-3C86-98E7-6C2F-48B5241004A6}.Release|x86.Build.0 = Release|Any CPU
		{084A372B-2954-1E8C-71FB-3FE7E8E14B63}.Debug|Any CPU.ActiveCfg = Debug|Any CPU
		{084A372B-2954-1E8C-71FB-3FE7E8E14B63}.Debug|Any CPU.Build.0 = Debug|Any CPU
		{084A372B-2954-1E8C-71FB-3FE7E8E14B63}.Debug|x64.ActiveCfg = Debug|Any CPU
		{084A372B-2954-1E8C-71FB-3FE7E8E14B63}.Debug|x64.Build.0 = Debug|Any CPU
		{084A372B-2954-1E8C-71FB-3FE7E8E14B63}.Debug|x86.ActiveCfg = Debug|Any CPU
		{084A372B-2954-1E8C-71FB-3FE7E8E14B63}.Debug|x86.Build.0 = Debug|Any CPU
		{084A372B-2954-1E8C-71FB-3FE7E8E14B63}.Release|Any CPU.ActiveCfg = Release|Any CPU
		{084A372B-2954-1E8C-71FB-3FE7E8E14B63}.Release|Any CPU.Build.0 = Release|Any CPU
		{084A372B-2954-1E8C-71FB-3FE7E8E14B63}.Release|x64.ActiveCfg = Release|Any CPU
		{084A372B-2954-1E8C-71FB-3FE7E8E14B63}.Release|x64.Build.0 = Release|Any CPU
		{084A372B-2954-1E8C-71FB-3FE7E8E14B63}.Release|x86.ActiveCfg = Release|Any CPU
		{084A372B-2954-1E8C-71FB-3FE7E8E14B63}.Release|x86.Build.0 = Release|Any CPU
		{9AF22987-2E1F-F239-8E24-62817FF95CFC}.Debug|Any CPU.ActiveCfg = Debug|Any CPU
		{9AF22987-2E1F-F239-8E24-62817FF95CFC}.Debug|Any CPU.Build.0 = Debug|Any CPU
		{9AF22987-2E1F-F239-8E24-62817FF95CFC}.Debug|x64.ActiveCfg = Debug|Any CPU
		{9AF22987-2E1F-F239-8E24-62817FF95CFC}.Debug|x64.Build.0 = Debug|Any CPU
		{9AF22987-2E1F-F239-8E24-62817FF95CFC}.Debug|x86.ActiveCfg = Debug|Any CPU
		{9AF22987-2E1F-F239-8E24-62817FF95CFC}.Debug|x86.Build.0 = Debug|Any CPU
		{9AF22987-2E1F-F239-8E24-62817FF95CFC}.Release|Any CPU.ActiveCfg = Release|Any CPU
		{9AF22987-2E1F-F239-8E24-62817FF95CFC}.Release|Any CPU.Build.0 = Release|Any CPU
		{9AF22987-2E1F-F239-8E24-62817FF95CFC}.Release|x64.ActiveCfg = Release|Any CPU
		{9AF22987-2E1F-F239-8E24-62817FF95CFC}.Release|x64.Build.0 = Release|Any CPU
		{9AF22987-2E1F-F239-8E24-62817FF95CFC}.Release|x86.ActiveCfg = Release|Any CPU
		{9AF22987-2E1F-F239-8E24-62817FF95CFC}.Release|x86.Build.0 = Release|Any CPU
		{F14BDCCB-BB41-8565-F147-F1FDD976C9DA}.Debug|Any CPU.ActiveCfg = Debug|Any CPU
		{F14BDCCB-BB41-8565-F147-F1FDD976C9DA}.Debug|Any CPU.Build.0 = Debug|Any CPU
		{F14BDCCB-BB41-8565-F147-F1FDD976C9DA}.Debug|x64.ActiveCfg = Debug|Any CPU
		{F14BDCCB-BB41-8565-F147-F1FDD976C9DA}.Debug|x64.Build.0 = Debug|Any CPU
		{F14BDCCB-BB41-8565-F147-F1FDD976C9DA}.Debug|x86.ActiveCfg = Debug|Any CPU
		{F14BDCCB-BB41-8565-F147-F1FDD976C9DA}.Debug|x86.Build.0 = Debug|Any CPU
		{F14BDCCB-BB41-8565-F147-F1FDD976C9DA}.Release|Any CPU.ActiveCfg = Release|Any CPU
		{F14BDCCB-BB41-8565-F147-F1FDD976C9DA}.Release|Any CPU.Build.0 = Release|Any CPU
		{F14BDCCB-BB41-8565-F147-F1FDD976C9DA}.Release|x64.ActiveCfg = Release|Any CPU
		{F14BDCCB-BB41-8565-F147-F1FDD976C9DA}.Release|x64.Build.0 = Release|Any CPU
		{F14BDCCB-BB41-8565-F147-F1FDD976C9DA}.Release|x86.ActiveCfg = Release|Any CPU
		{F14BDCCB-BB41-8565-F147-F1FDD976C9DA}.Release|x86.Build.0 = Release|Any CPU
		{81707B2E-DD47-13EB-50E8-AB8796C03CB0}.Debug|Any CPU.ActiveCfg = Debug|Any CPU
		{81707B2E-DD47-13EB-50E8-AB8796C03CB0}.Debug|Any CPU.Build.0 = Debug|Any CPU
		{81707B2E-DD47-13EB-50E8-AB8796C03CB0}.Debug|x64.ActiveCfg = Debug|Any CPU
		{81707B2E-DD47-13EB-50E8-AB8796C03CB0}.Debug|x64.Build.0 = Debug|Any CPU
		{81707B2E-DD47-13EB-50E8-AB8796C03CB0}.Debug|x86.ActiveCfg = Debug|Any CPU
		{81707B2E-DD47-13EB-50E8-AB8796C03CB0}.Debug|x86.Build.0 = Debug|Any CPU
		{81707B2E-DD47-13EB-50E8-AB8796C03CB0}.Release|Any CPU.ActiveCfg = Release|Any CPU
		{81707B2E-DD47-13EB-50E8-AB8796C03CB0}.Release|Any CPU.Build.0 = Release|Any CPU
		{81707B2E-DD47-13EB-50E8-AB8796C03CB0}.Release|x64.ActiveCfg = Release|Any CPU
		{81707B2E-DD47-13EB-50E8-AB8796C03CB0}.Release|x64.Build.0 = Release|Any CPU
		{81707B2E-DD47-13EB-50E8-AB8796C03CB0}.Release|x86.ActiveCfg = Release|Any CPU
		{81707B2E-DD47-13EB-50E8-AB8796C03CB0}.Release|x86.Build.0 = Release|Any CPU
		{506CA0C9-AAA5-4852-B43C-87B52FF7C87C}.Debug|Any CPU.ActiveCfg = Debug|Any CPU
		{506CA0C9-AAA5-4852-B43C-87B52FF7C87C}.Debug|Any CPU.Build.0 = Debug|Any CPU
		{506CA0C9-AAA5-4852-B43C-87B52FF7C87C}.Debug|x64.ActiveCfg = Debug|Any CPU
		{506CA0C9-AAA5-4852-B43C-87B52FF7C87C}.Debug|x64.Build.0 = Debug|Any CPU
		{506CA0C9-AAA5-4852-B43C-87B52FF7C87C}.Debug|x86.ActiveCfg = Debug|Any CPU
		{506CA0C9-AAA5-4852-B43C-87B52FF7C87C}.Debug|x86.Build.0 = Debug|Any CPU
		{506CA0C9-AAA5-4852-B43C-87B52FF7C87C}.Release|Any CPU.ActiveCfg = Release|Any CPU
		{506CA0C9-AAA5-4852-B43C-87B52FF7C87C}.Release|Any CPU.Build.0 = Release|Any CPU
		{506CA0C9-AAA5-4852-B43C-87B52FF7C87C}.Release|x64.ActiveCfg = Release|Any CPU
		{506CA0C9-AAA5-4852-B43C-87B52FF7C87C}.Release|x64.Build.0 = Release|Any CPU
		{506CA0C9-AAA5-4852-B43C-87B52FF7C87C}.Release|x86.ActiveCfg = Release|Any CPU
		{506CA0C9-AAA5-4852-B43C-87B52FF7C87C}.Release|x86.Build.0 = Release|Any CPU
	EndGlobalSection
	GlobalSection(SolutionProperties) = preSolution
		HideSolutionNode = FALSE
	EndGlobalSection
	GlobalSection(NestedProjects) = preSolution
		{D82FA339-08DB-9E44-EDDD-E20350DE947E} = {827E0CD3-B72D-47B6-A68D-7590B98EB39B}
		{6B3F7111-D1AF-B949-593F-79F1BA2B653F} = {D82FA339-08DB-9E44-EDDD-E20350DE947E}
		{6EA9FEC5-BF4B-F4CF-C876-B2A34E45EC91} = {D82FA339-08DB-9E44-EDDD-E20350DE947E}
		{860A695E-A161-6669-AE33-FDCBFE1C125A} = {D82FA339-08DB-9E44-EDDD-E20350DE947E}
		{E14DB84C-7072-2A6D-5FC5-1491DBD5A362} = {D82FA339-08DB-9E44-EDDD-E20350DE947E}
		{08D95746-6263-5E2C-7FAC-1C749FAE807D} = {827E0CD3-B72D-47B6-A68D-7590B98EB39B}
		{AAE5E279-581D-4A27-EA4F-9A95289413DC} = {08D95746-6263-5E2C-7FAC-1C749FAE807D}
		{13E8B99D-DB44-51FD-7491-B14B7FC049F7} = {08D95746-6263-5E2C-7FAC-1C749FAE807D}
		{D9381CAC-4B4D-33E7-721C-2EC62713ADC5} = {08D95746-6263-5E2C-7FAC-1C749FAE807D}
		{8357A58B-494B-F1E6-82D8-7E074010C2A5} = {08D95746-6263-5E2C-7FAC-1C749FAE807D}
		{F35F70DC-9DE4-6FD4-D2B5-184B125767BD} = {6B3F7111-D1AF-B949-593F-79F1BA2B653F}
		{243B3397-3D15-E5E0-9FF7-0FB86F107BB6} = {860A695E-A161-6669-AE33-FDCBFE1C125A}
		{F55796E2-E4EB-B0C2-0DEC-2D4C33FE2EC7} = {E14DB84C-7072-2A6D-5FC5-1491DBD5A362}
		{863B042B-036D-F6B8-C239-E2382B420CB0} = {6EA9FEC5-BF4B-F4CF-C876-B2A34E45EC91}
		{35C87010-3C86-98E7-6C2F-48B5241004A6} = {AAE5E279-581D-4A27-EA4F-9A95289413DC}
		{084A372B-2954-1E8C-71FB-3FE7E8E14B63} = {D9381CAC-4B4D-33E7-721C-2EC62713ADC5}
		{9AF22987-2E1F-F239-8E24-62817FF95CFC} = {13E8B99D-DB44-51FD-7491-B14B7FC049F7}
		{F14BDCCB-BB41-8565-F147-F1FDD976C9DA} = {8357A58B-494B-F1E6-82D8-7E074010C2A5}
		{C30AE07D-4A74-4FBE-A8B5-EED5D63FAAE3} = {827E0CD3-B72D-47B6-A68D-7590B98EB39B}
		{81707B2E-DD47-13EB-50E8-AB8796C03CB0} = {C30AE07D-4A74-4FBE-A8B5-EED5D63FAAE3}
		{506CA0C9-AAA5-4852-B43C-87B52FF7C87C} = {827E0CD3-B72D-47B6-A68D-7590B98EB39B}
	EndGlobalSection
	GlobalSection(ExtensibilityGlobals) = postSolution
		SolutionGuid = {544C543E-CB49-451F-AC53-4856EDF32589}
	EndGlobalSection
EndGlobal
